
Microsoft Visual Studio Solution File, Format Version 12.00
# Visual Studio 15
VisualStudioVersion = 15.0.28010.2050
MinimumVisualStudioVersion = 10.0.40219.1
Project("{FAE04EC0-301F-11D3-BF4B-00C04F79EFBC}") = "Client", "Client\Client.csproj", "{E4646D22-609F-4A76-B68D-D1C8188A83D1}"
EndProject
Global
	GlobalSection(SolutionConfigurationPlatforms) = preSolution
		Debug|Any CPU = Debug|Any CPU
		Release|Any CPU = Release|Any CPU
	EndGlobalSection
	GlobalSection(ProjectConfigurationPlatforms) = postSolution
		{E4646D22-609F-4A76-B68D-D1C8188A83D1}.Debug|Any CPU.ActiveCfg = Debug|Any CPU
		{E4646D22-609F-4A76-B68D-D1C8188A83D1}.Debug|Any CPU.Build.0 = Debug|Any CPU
		{E4646D22-609F-4A76-B68D-D1C8188A83D1}.Release|Any CPU.ActiveCfg = Release|Any CPU
		{E4646D22-609F-4A76-B68D-D1C8188A83D1}.Release|Any CPU.Build.0 = Release|Any CPU
	EndGlobalSection
	GlobalSection(SolutionProperties) = preSolution
		HideSolutionNode = FALSE
	EndGlobalSection
	GlobalSection(ExtensibilityGlobals) = postSolution
		SolutionGuid = {4EFE4E97-7E99-4B50-9E4D-56C33E563D2D}
	EndGlobalSection
EndGlobal
