
Microsoft Visual Studio Solution File, Format Version 12.00
# Visual Studio 15
VisualStudioVersion = 15.0.28010.2050
MinimumVisualStudioVersion = 10.0.40219.1
Project("{FAE04EC0-301F-11D3-BF4B-00C04F79EFBC}") = "LoginTest", "LoginTest\LoginTest.csproj", "{BB457CEC-0C79-4B7A-A1B4-C1BC20E4DEB5}"
EndProject
Global
	GlobalSection(SolutionConfigurationPlatforms) = preSolution
		Debug|Any CPU = Debug|Any CPU
		Release|Any CPU = Release|Any CPU
	EndGlobalSection
	GlobalSection(ProjectConfigurationPlatforms) = postSolution
		{BB457CEC-0C79-4B7A-A1B4-C1BC20E4DEB5}.Debug|Any CPU.ActiveCfg = Debug|Any CPU
		{BB457CEC-0C79-4B7A-A1B4-C1BC20E4DEB5}.Debug|Any CPU.Build.0 = Debug|Any CPU
		{BB457CEC-0C79-4B7A-A1B4-C1BC20E4DEB5}.Release|Any CPU.ActiveCfg = Release|Any CPU
		{BB457CEC-0C79-4B7A-A1B4-C1BC20E4DEB5}.Release|Any CPU.Build.0 = Release|Any CPU
	EndGlobalSection
	GlobalSection(SolutionProperties) = preSolution
		HideSolutionNode = FALSE
	EndGlobalSection
	GlobalSection(ExtensibilityGlobals) = postSolution
		SolutionGuid = {193F8981-75B6-42F2-B25C-C1CA46B424F0}
	EndGlobalSection
EndGlobal
