
Microsoft Visual Studio Solution File, Format Version 12.00
# Visual Studio 15
VisualStudioVersion = 15.0.28010.2050
MinimumVisualStudioVersion = 10.0.40219.1
Project("{FAE04EC0-301F-11D3-BF4B-00C04F79EFBC}") = "DllImpoertTest", "DllImpoertTest\DllImpoertTest.csproj", "{F765545B-42EB-4634-AFF6-F1F962E22EA5}"
EndProject
Global
	GlobalSection(SolutionConfigurationPlatforms) = preSolution
		Debug|Any CPU = Debug|Any CPU
		Release|Any CPU = Release|Any CPU
	EndGlobalSection
	GlobalSection(ProjectConfigurationPlatforms) = postSolution
		{F765545B-42EB-4634-AFF6-F1F962E22EA5}.Debug|Any CPU.ActiveCfg = Debug|Any CPU
		{F765545B-42EB-4634-AFF6-F1F962E22EA5}.Debug|Any CPU.Build.0 = Debug|Any CPU
		{F765545B-42EB-4634-AFF6-F1F962E22EA5}.Release|Any CPU.ActiveCfg = Release|Any CPU
		{F765545B-42EB-4634-AFF6-F1F962E22EA5}.Release|Any CPU.Build.0 = Release|Any CPU
	EndGlobalSection
	GlobalSection(SolutionProperties) = preSolution
		HideSolutionNode = FALSE
	EndGlobalSection
	GlobalSection(ExtensibilityGlobals) = postSolution
		SolutionGuid = {1813F5E6-C127-407A-ACA8-973045A6A3DE}
	EndGlobalSection
EndGlobal
