
Microsoft Visual Studio Solution File, Format Version 12.00
# Visual Studio 15
VisualStudioVersion = 15.0.28010.2050
MinimumVisualStudioVersion = 10.0.40219.1
Project("{FAE04EC0-301F-11D3-BF4B-00C04F79EFBC}") = "MethodQueryExam", "MethodQueryExam\MethodQueryExam.csproj", "{D2B1F1B8-B782-48CD-B257-BFF26D15CCAF}"
EndProject
Global
	GlobalSection(SolutionConfigurationPlatforms) = preSolution
		Debug|Any CPU = Debug|Any CPU
		Release|Any CPU = Release|Any CPU
	EndGlobalSection
	GlobalSection(ProjectConfigurationPlatforms) = postSolution
		{D2B1F1B8-B782-48CD-B257-BFF26D15CCAF}.Debug|Any CPU.ActiveCfg = Debug|Any CPU
		{D2B1F1B8-B782-48CD-B257-BFF26D15CCAF}.Debug|Any CPU.Build.0 = Debug|Any CPU
		{D2B1F1B8-B782-48CD-B257-BFF26D15CCAF}.Release|Any CPU.ActiveCfg = Release|Any CPU
		{D2B1F1B8-B782-48CD-B257-BFF26D15CCAF}.Release|Any CPU.Build.0 = Release|Any CPU
	EndGlobalSection
	GlobalSection(SolutionProperties) = preSolution
		HideSolutionNode = FALSE
	EndGlobalSection
	GlobalSection(ExtensibilityGlobals) = postSolution
		SolutionGuid = {ADFC832F-1945-48E3-B165-772EE97B2F21}
	EndGlobalSection
EndGlobal
