
Microsoft Visual Studio Solution File, Format Version 12.00
# Visual Studio 15
VisualStudioVersion = 15.0.28010.2050
MinimumVisualStudioVersion = 10.0.40219.1
Project("{FAE04EC0-301F-11D3-BF4B-00C04F79EFBC}") = "WinFormTest3", "WinFormTest3\WinFormTest3.csproj", "{23B138C2-C99F-4012-ADAA-3C333A055F01}"
EndProject
Global
	GlobalSection(SolutionConfigurationPlatforms) = preSolution
		Debug|Any CPU = Debug|Any CPU
		Release|Any CPU = Release|Any CPU
	EndGlobalSection
	GlobalSection(ProjectConfigurationPlatforms) = postSolution
		{23B138C2-C99F-4012-ADAA-3C333A055F01}.Debug|Any CPU.ActiveCfg = Debug|Any CPU
		{23B138C2-C99F-4012-ADAA-3C333A055F01}.Debug|Any CPU.Build.0 = Debug|Any CPU
		{23B138C2-C99F-4012-ADAA-3C333A055F01}.Release|Any CPU.ActiveCfg = Release|Any CPU
		{23B138C2-C99F-4012-ADAA-3C333A055F01}.Release|Any CPU.Build.0 = Release|Any CPU
	EndGlobalSection
	GlobalSection(SolutionProperties) = preSolution
		HideSolutionNode = FALSE
	EndGlobalSection
	GlobalSection(ExtensibilityGlobals) = postSolution
		SolutionGuid = {0EB24EF1-387C-4A18-8B14-4DDC0301B64F}
	EndGlobalSection
EndGlobal
