
Microsoft Visual Studio Solution File, Format Version 12.00
# Visual Studio 15
VisualStudioVersion = 15.0.28010.2050
MinimumVisualStudioVersion = 10.0.40219.1
Project("{FAE04EC0-301F-11D3-BF4B-00C04F79EFBC}") = "HelloWorld", "HelloWorld\HelloWorld.csproj", "{99DA8578-765D-4956-9C62-CA50755B21E3}"
EndProject
Global
	GlobalSection(SolutionConfigurationPlatforms) = preSolution
		Debug|Any CPU = Debug|Any CPU
		Release|Any CPU = Release|Any CPU
	EndGlobalSection
	GlobalSection(ProjectConfigurationPlatforms) = postSolution
		{99DA8578-765D-4956-9C62-CA50755B21E3}.Debug|Any CPU.ActiveCfg = Debug|Any CPU
		{99DA8578-765D-4956-9C62-CA50755B21E3}.Debug|Any CPU.Build.0 = Debug|Any CPU
		{99DA8578-765D-4956-9C62-CA50755B21E3}.Release|Any CPU.ActiveCfg = Release|Any CPU
		{99DA8578-765D-4956-9C62-CA50755B21E3}.Release|Any CPU.Build.0 = Release|Any CPU
	EndGlobalSection
	GlobalSection(SolutionProperties) = preSolution
		HideSolutionNode = FALSE
	EndGlobalSection
	GlobalSection(ExtensibilityGlobals) = postSolution
		SolutionGuid = {2E933764-D576-4E90-A8D6-C6A94829FCD7}
	EndGlobalSection
EndGlobal
