
Microsoft Visual Studio Solution File, Format Version 12.00
# Visual Studio 15
VisualStudioVersion = 15.0.28010.2050
MinimumVisualStudioVersion = 10.0.40219.1
Project("{FAE04EC0-301F-11D3-BF4B-00C04F79EFBC}") = "OracleTest2", "OracleTest2\OracleTest2.csproj", "{0080BD23-8C85-45DB-9FBC-AEC2915ED886}"
EndProject
Global
	GlobalSection(SolutionConfigurationPlatforms) = preSolution
		Debug|Any CPU = Debug|Any CPU
		Release|Any CPU = Release|Any CPU
	EndGlobalSection
	GlobalSection(ProjectConfigurationPlatforms) = postSolution
		{0080BD23-8C85-45DB-9FBC-AEC2915ED886}.Debug|Any CPU.ActiveCfg = Debug|Any CPU
		{0080BD23-8C85-45DB-9FBC-AEC2915ED886}.Debug|Any CPU.Build.0 = Debug|Any CPU
		{0080BD23-8C85-45DB-9FBC-AEC2915ED886}.Release|Any CPU.ActiveCfg = Release|Any CPU
		{0080BD23-8C85-45DB-9FBC-AEC2915ED886}.Release|Any CPU.Build.0 = Release|Any CPU
	EndGlobalSection
	GlobalSection(SolutionProperties) = preSolution
		HideSolutionNode = FALSE
	EndGlobalSection
	GlobalSection(ExtensibilityGlobals) = postSolution
		SolutionGuid = {133073F3-C983-4BFE-AA2D-B257ACCB910A}
	EndGlobalSection
EndGlobal
