
Microsoft Visual Studio Solution File, Format Version 12.00
# Visual Studio 15
VisualStudioVersion = 15.0.28010.2050
MinimumVisualStudioVersion = 10.0.40219.1
Project("{FAE04EC0-301F-11D3-BF4B-00C04F79EFBC}") = "ThreadTest", "ThreadTest\ThreadTest.csproj", "{30293C0B-3AFE-4B61-BBD9-793DB9323DA3}"
EndProject
Global
	GlobalSection(SolutionConfigurationPlatforms) = preSolution
		Debug|Any CPU = Debug|Any CPU
		Release|Any CPU = Release|Any CPU
	EndGlobalSection
	GlobalSection(ProjectConfigurationPlatforms) = postSolution
		{30293C0B-3AFE-4B61-BBD9-793DB9323DA3}.Debug|Any CPU.ActiveCfg = Debug|Any CPU
		{30293C0B-3AFE-4B61-BBD9-793DB9323DA3}.Debug|Any CPU.Build.0 = Debug|Any CPU
		{30293C0B-3AFE-4B61-BBD9-793DB9323DA3}.Release|Any CPU.ActiveCfg = Release|Any CPU
		{30293C0B-3AFE-4B61-BBD9-793DB9323DA3}.Release|Any CPU.Build.0 = Release|Any CPU
	EndGlobalSection
	GlobalSection(SolutionProperties) = preSolution
		HideSolutionNode = FALSE
	EndGlobalSection
	GlobalSection(ExtensibilityGlobals) = postSolution
		SolutionGuid = {F5BE41AB-C2DB-42A6-9F71-B94C7DF5287A}
	EndGlobalSection
EndGlobal
