
Microsoft Visual Studio Solution File, Format Version 12.00
# Visual Studio 15
VisualStudioVersion = 15.0.28010.2050
MinimumVisualStudioVersion = 10.0.40219.1
Project("{FAE04EC0-301F-11D3-BF4B-00C04F79EFBC}") = "lotto", "lotto\lotto.csproj", "{6F3F24B5-9592-4869-B5BC-9DF36EEDEE1A}"
EndProject
Global
	GlobalSection(SolutionConfigurationPlatforms) = preSolution
		Debug|Any CPU = Debug|Any CPU
		Release|Any CPU = Release|Any CPU
	EndGlobalSection
	GlobalSection(ProjectConfigurationPlatforms) = postSolution
		{6F3F24B5-9592-4869-B5BC-9DF36EEDEE1A}.Debug|Any CPU.ActiveCfg = Debug|Any CPU
		{6F3F24B5-9592-4869-B5BC-9DF36EEDEE1A}.Debug|Any CPU.Build.0 = Debug|Any CPU
		{6F3F24B5-9592-4869-B5BC-9DF36EEDEE1A}.Release|Any CPU.ActiveCfg = Release|Any CPU
		{6F3F24B5-9592-4869-B5BC-9DF36EEDEE1A}.Release|Any CPU.Build.0 = Release|Any CPU
	EndGlobalSection
	GlobalSection(SolutionProperties) = preSolution
		HideSolutionNode = FALSE
	EndGlobalSection
	GlobalSection(ExtensibilityGlobals) = postSolution
		SolutionGuid = {8B5E726B-F437-4F31-9CD9-B720D79F35F3}
	EndGlobalSection
EndGlobal
