
Microsoft Visual Studio Solution File, Format Version 12.00
# Visual Studio 15
VisualStudioVersion = 15.0.28010.2050
MinimumVisualStudioVersion = 10.0.40219.1
Project("{FAE04EC0-301F-11D3-BF4B-00C04F79EFBC}") = "TypeCastExample1", "TypeCastExample1\TypeCastExample1.csproj", "{F27A70A4-B12C-4F4E-950D-2BFD753DF9C0}"
EndProject
Global
	GlobalSection(SolutionConfigurationPlatforms) = preSolution
		Debug|Any CPU = Debug|Any CPU
		Release|Any CPU = Release|Any CPU
	EndGlobalSection
	GlobalSection(ProjectConfigurationPlatforms) = postSolution
		{F27A70A4-B12C-4F4E-950D-2BFD753DF9C0}.Debug|Any CPU.ActiveCfg = Debug|Any CPU
		{F27A70A4-B12C-4F4E-950D-2BFD753DF9C0}.Debug|Any CPU.Build.0 = Debug|Any CPU
		{F27A70A4-B12C-4F4E-950D-2BFD753DF9C0}.Release|Any CPU.ActiveCfg = Release|Any CPU
		{F27A70A4-B12C-4F4E-950D-2BFD753DF9C0}.Release|Any CPU.Build.0 = Release|Any CPU
	EndGlobalSection
	GlobalSection(SolutionProperties) = preSolution
		HideSolutionNode = FALSE
	EndGlobalSection
	GlobalSection(ExtensibilityGlobals) = postSolution
		SolutionGuid = {BA8EE15D-3305-410F-90B3-28FED2CC7552}
	EndGlobalSection
EndGlobal
