
Microsoft Visual Studio Solution File, Format Version 12.00
# Visual Studio 15
VisualStudioVersion = 15.0.28010.2050
MinimumVisualStudioVersion = 10.0.40219.1
Project("{FAE04EC0-301F-11D3-BF4B-00C04F79EFBC}") = "OracleTest", "OracleTest\OracleTest.csproj", "{50ADF82A-2224-4799-93B7-68DB0FD3FC3A}"
EndProject
Global
	GlobalSection(SolutionConfigurationPlatforms) = preSolution
		Debug|Any CPU = Debug|Any CPU
		Release|Any CPU = Release|Any CPU
	EndGlobalSection
	GlobalSection(ProjectConfigurationPlatforms) = postSolution
		{50ADF82A-2224-4799-93B7-68DB0FD3FC3A}.Debug|Any CPU.ActiveCfg = Debug|Any CPU
		{50ADF82A-2224-4799-93B7-68DB0FD3FC3A}.Debug|Any CPU.Build.0 = Debug|Any CPU
		{50ADF82A-2224-4799-93B7-68DB0FD3FC3A}.Release|Any CPU.ActiveCfg = Release|Any CPU
		{50ADF82A-2224-4799-93B7-68DB0FD3FC3A}.Release|Any CPU.Build.0 = Release|Any CPU
	EndGlobalSection
	GlobalSection(SolutionProperties) = preSolution
		HideSolutionNode = FALSE
	EndGlobalSection
	GlobalSection(ExtensibilityGlobals) = postSolution
		SolutionGuid = {2C115A5C-CB2F-4AB1-B925-2378274303C6}
	EndGlobalSection
EndGlobal
