
Microsoft Visual Studio Solution File, Format Version 12.00
# Visual Studio 15
VisualStudioVersion = 15.0.28010.2050
MinimumVisualStudioVersion = 10.0.40219.1
Project("{FAE04EC0-301F-11D3-BF4B-00C04F79EFBC}") = "ThreadTest4", "ThreadTest4\ThreadTest4.csproj", "{BFF11789-B520-4312-B8AB-49A580413887}"
EndProject
Global
	GlobalSection(SolutionConfigurationPlatforms) = preSolution
		Debug|Any CPU = Debug|Any CPU
		Release|Any CPU = Release|Any CPU
	EndGlobalSection
	GlobalSection(ProjectConfigurationPlatforms) = postSolution
		{BFF11789-B520-4312-B8AB-49A580413887}.Debug|Any CPU.ActiveCfg = Debug|Any CPU
		{BFF11789-B520-4312-B8AB-49A580413887}.Debug|Any CPU.Build.0 = Debug|Any CPU
		{BFF11789-B520-4312-B8AB-49A580413887}.Release|Any CPU.ActiveCfg = Release|Any CPU
		{BFF11789-B520-4312-B8AB-49A580413887}.Release|Any CPU.Build.0 = Release|Any CPU
	EndGlobalSection
	GlobalSection(SolutionProperties) = preSolution
		HideSolutionNode = FALSE
	EndGlobalSection
	GlobalSection(ExtensibilityGlobals) = postSolution
		SolutionGuid = {E0D0914E-275C-442A-9394-5BA8077EF405}
	EndGlobalSection
EndGlobal
