
Microsoft Visual Studio Solution File, Format Version 12.00
# Visual Studio 15
VisualStudioVersion = 15.0.28010.2050
MinimumVisualStudioVersion = 10.0.40219.1
Project("{FAE04EC0-301F-11D3-BF4B-00C04F79EFBC}") = "OracleDataAdaptorTrTest", "OracleDataAdaptorTrTest\OracleDataAdaptorTrTest.csproj", "{FC6B39C9-4A39-407D-A792-C2DC7462BA4E}"
EndProject
Global
	GlobalSection(SolutionConfigurationPlatforms) = preSolution
		Debug|Any CPU = Debug|Any CPU
		Release|Any CPU = Release|Any CPU
	EndGlobalSection
	GlobalSection(ProjectConfigurationPlatforms) = postSolution
		{FC6B39C9-4A39-407D-A792-C2DC7462BA4E}.Debug|Any CPU.ActiveCfg = Debug|Any CPU
		{FC6B39C9-4A39-407D-A792-C2DC7462BA4E}.Debug|Any CPU.Build.0 = Debug|Any CPU
		{FC6B39C9-4A39-407D-A792-C2DC7462BA4E}.Release|Any CPU.ActiveCfg = Release|Any CPU
		{FC6B39C9-4A39-407D-A792-C2DC7462BA4E}.Release|Any CPU.Build.0 = Release|Any CPU
	EndGlobalSection
	GlobalSection(SolutionProperties) = preSolution
		HideSolutionNode = FALSE
	EndGlobalSection
	GlobalSection(ExtensibilityGlobals) = postSolution
		SolutionGuid = {DC6C492D-8231-4AD5-85CD-F9AECF15BB53}
	EndGlobalSection
EndGlobal
