
Microsoft Visual Studio Solution File, Format Version 12.00
# Visual Studio 15
VisualStudioVersion = 15.0.28010.2050
MinimumVisualStudioVersion = 10.0.40219.1
Project("{FAE04EC0-301F-11D3-BF4B-00C04F79EFBC}") = "SwapTest", "SwapTest\SwapTest.csproj", "{1E77C060-5BD2-4C5C-B8DE-4D57BDBB8BBE}"
EndProject
Global
	GlobalSection(SolutionConfigurationPlatforms) = preSolution
		Debug|Any CPU = Debug|Any CPU
		Release|Any CPU = Release|Any CPU
	EndGlobalSection
	GlobalSection(ProjectConfigurationPlatforms) = postSolution
		{1E77C060-5BD2-4C5C-B8DE-4D57BDBB8BBE}.Debug|Any CPU.ActiveCfg = Debug|Any CPU
		{1E77C060-5BD2-4C5C-B8DE-4D57BDBB8BBE}.Debug|Any CPU.Build.0 = Debug|Any CPU
		{1E77C060-5BD2-4C5C-B8DE-4D57BDBB8BBE}.Release|Any CPU.ActiveCfg = Release|Any CPU
		{1E77C060-5BD2-4C5C-B8DE-4D57BDBB8BBE}.Release|Any CPU.Build.0 = Release|Any CPU
	EndGlobalSection
	GlobalSection(SolutionProperties) = preSolution
		HideSolutionNode = FALSE
	EndGlobalSection
	GlobalSection(ExtensibilityGlobals) = postSolution
		SolutionGuid = {A0751A22-83BD-46DF-801F-0E00CC7FC507}
	EndGlobalSection
EndGlobal
