
Microsoft Visual Studio Solution File, Format Version 12.00
# Visual Studio 15
VisualStudioVersion = 15.0.28010.2050
MinimumVisualStudioVersion = 10.0.40219.1
Project("{FAE04EC0-301F-11D3-BF4B-00C04F79EFBC}") = "LambdaTest", "LambdaTest\LambdaTest.csproj", "{E07C50E5-A862-4BF5-B28C-51C3D55E9F76}"
EndProject
Global
	GlobalSection(SolutionConfigurationPlatforms) = preSolution
		Debug|Any CPU = Debug|Any CPU
		Release|Any CPU = Release|Any CPU
	EndGlobalSection
	GlobalSection(ProjectConfigurationPlatforms) = postSolution
		{E07C50E5-A862-4BF5-B28C-51C3D55E9F76}.Debug|Any CPU.ActiveCfg = Debug|Any CPU
		{E07C50E5-A862-4BF5-B28C-51C3D55E9F76}.Debug|Any CPU.Build.0 = Debug|Any CPU
		{E07C50E5-A862-4BF5-B28C-51C3D55E9F76}.Release|Any CPU.ActiveCfg = Release|Any CPU
		{E07C50E5-A862-4BF5-B28C-51C3D55E9F76}.Release|Any CPU.Build.0 = Release|Any CPU
	EndGlobalSection
	GlobalSection(SolutionProperties) = preSolution
		HideSolutionNode = FALSE
	EndGlobalSection
	GlobalSection(ExtensibilityGlobals) = postSolution
		SolutionGuid = {BF3213A5-DFB8-4E68-A62A-12BC37EF634B}
	EndGlobalSection
EndGlobal
