
Microsoft Visual Studio Solution File, Format Version 12.00
# Visual Studio 15
VisualStudioVersion = 15.0.28010.2050
MinimumVisualStudioVersion = 10.0.40219.1
Project("{FAE04EC0-301F-11D3-BF4B-00C04F79EFBC}") = "Animation", "Animation\Animation.csproj", "{E1865237-C4AB-4BF0-9A51-210EB97F0DA7}"
EndProject
Global
	GlobalSection(SolutionConfigurationPlatforms) = preSolution
		Debug|Any CPU = Debug|Any CPU
		Release|Any CPU = Release|Any CPU
	EndGlobalSection
	GlobalSection(ProjectConfigurationPlatforms) = postSolution
		{E1865237-C4AB-4BF0-9A51-210EB97F0DA7}.Debug|Any CPU.ActiveCfg = Debug|Any CPU
		{E1865237-C4AB-4BF0-9A51-210EB97F0DA7}.Debug|Any CPU.Build.0 = Debug|Any CPU
		{E1865237-C4AB-4BF0-9A51-210EB97F0DA7}.Release|Any CPU.ActiveCfg = Release|Any CPU
		{E1865237-C4AB-4BF0-9A51-210EB97F0DA7}.Release|Any CPU.Build.0 = Release|Any CPU
	EndGlobalSection
	GlobalSection(SolutionProperties) = preSolution
		HideSolutionNode = FALSE
	EndGlobalSection
	GlobalSection(ExtensibilityGlobals) = postSolution
		SolutionGuid = {E380AA40-BF54-4444-B23B-0EE00F17A125}
	EndGlobalSection
EndGlobal
