
Microsoft Visual Studio Solution File, Format Version 12.00
# Visual Studio 15
VisualStudioVersion = 15.0.28010.2050
MinimumVisualStudioVersion = 10.0.40219.1
Project("{FAE04EC0-301F-11D3-BF4B-00C04F79EFBC}") = "Day2", "Day2\Day2.csproj", "{37A7D206-66D5-4015-9CE5-3D95568E6133}"
EndProject
Global
	GlobalSection(SolutionConfigurationPlatforms) = preSolution
		Debug|Any CPU = Debug|Any CPU
		Release|Any CPU = Release|Any CPU
	EndGlobalSection
	GlobalSection(ProjectConfigurationPlatforms) = postSolution
		{37A7D206-66D5-4015-9CE5-3D95568E6133}.Debug|Any CPU.ActiveCfg = Debug|Any CPU
		{37A7D206-66D5-4015-9CE5-3D95568E6133}.Debug|Any CPU.Build.0 = Debug|Any CPU
		{37A7D206-66D5-4015-9CE5-3D95568E6133}.Release|Any CPU.ActiveCfg = Release|Any CPU
		{37A7D206-66D5-4015-9CE5-3D95568E6133}.Release|Any CPU.Build.0 = Release|Any CPU
	EndGlobalSection
	GlobalSection(SolutionProperties) = preSolution
		HideSolutionNode = FALSE
	EndGlobalSection
	GlobalSection(ExtensibilityGlobals) = postSolution
		SolutionGuid = {303280FC-9BE4-48FA-8352-D4F8C66EBA0F}
	EndGlobalSection
EndGlobal
